{
  "nodes": {
    "home-manager": {
      "inputs": {
        "nixpkgs": [
          "nixpkgs"
        ]
      },
      "locked": {
        "lastModified": 1713566308,
        "narHash": "sha256-7Y91t8pheIzjJveUMAPyeh5NOq5F49Nq4Hl2532QpJs=",
        "owner": "nix-community",
        "repo": "home-manager",
        "rev": "057117a401a34259c9615ce62218aea7afdee4d3",
        "type": "github"
      },
      "original": {
        "owner": "nix-community",
        "repo": "home-manager",
        "type": "github"
      }
    },
    "nixpkgs": {
      "locked": {
        "lastModified": 1713248628,
        "narHash": "sha256-NLznXB5AOnniUtZsyy/aPWOk8ussTuePp2acb9U+ISA=",
        "owner": "NixOS",
        "repo": "nixpkgs",
        "rev": "5672bc9dbf9d88246ddab5ac454e82318d094bb8",
        "type": "github"
      },
      "original": {
        "id": "nixpkgs",
        "ref": "nixos-unstable",
        "type": "indirect"
      }
    },
    "nixpkgs-stable": {
      "locked": {
        "lastModified": 1713564160,
        "narHash": "sha256-YguPZpiejgzLEcO36/SZULjJQ55iWcjAmf3lYiyV1Fo=",
        "owner": "nixos",
        "repo": "nixpkgs",
        "rev": "bc194f70731cc5d2b046a6c1b3b15f170f05999c",
        "type": "github"
      },
      "original": {
        "owner": "nixos",
        "ref": "nixos-23.11",
        "repo": "nixpkgs",
        "type": "github"
      }
    },
    "root": {
      "inputs": {
        "home-manager": "home-manager",
        "nixpkgs": "nixpkgs",
        "nixpkgs-stable": "nixpkgs-stable"
      }
    }
  },
  "root": "root",
  "version": 7
}
